[[package]]
name = "altgraph"
version = "0.17.3"
description = "Python graph (network) package"
category = "dev"
optional = false
python-versions = "*"

[[package]]
name = "black"
version = "22.10.0"
description = "The uncompromising code formatter."
category = "dev"
optional = false
python-versions = ">=3.7"

[package.dependencies]
click = ">=8.0.0"
mypy-extensions = ">=0.4.3"
pathspec = ">=0.9.0"
platformdirs = ">=2"
tomli = {version = ">=1.1.0", markers = "python_full_version < \"3.11.0a7\""}
typing-extensions = {version = ">=3.10.0.0", markers = "python_version < \"3.10\""}

[package.extras]
colorama = ["colorama (>=0.4.3)"]
d = ["aiohttp (>=3.7.4)"]
jupyter = ["ipython (>=7.8.0)", "tokenize-rt (>=3.2.0)"]
uvloop = ["uvloop (>=0.15.2)"]

[[package]]
name = "certifi"
version = "2022.9.24"
description = "Python package for providing Mozilla's CA Bundle."
category = "main"
optional = false
python-versions = ">=3.6"

[[package]]
name = "charset-normalizer"
version = "2.1.1"
description = "The Real First Universal Charset Detector. Open, modern and actively maintained alternative to Chardet."
category = "main"
optional = false
python-versions = ">=3.6.0"

[package.extras]
unicode-backport = ["unicodedata2"]

[[package]]
name = "click"
version = "8.1.3"
description = "Composable command line interface toolkit"
category = "main"
optional = false
python-versions = ">=3.7"

[package.dependencies]
colorama = {version = "*", markers = "platform_system == \"Windows\""}

[[package]]
name = "colorama"
version = "0.4.5"
description = "Cross-platform colored terminal text."
category = "main"
optional = false
python-versions = ">=2.7, !=3.0.*, !=3.1.*, !=3.2.*, !=3.3.*, !=3.4.*"

[[package]]
name = "commonmark"
version = "0.9.1"
description = "Python parser for the CommonMark Markdown spec"
category = "main"
optional = false
python-versions = "*"

[package.extras]
test = ["flake8 (==3.7.8)", "hypothesis (==3.55.3)"]

[[package]]
name = "future"
version = "0.18.2"
description = "Clean single-source support for Python 3 and 2"
category = "dev"
optional = false
python-versions = ">=2.6, !=3.0.*, !=3.1.*, !=3.2.*"

[[package]]
name = "idna"
version = "3.4"
description = "Internationalized Domain Names in Applications (IDNA)"
category = "main"
optional = false
python-versions = ">=3.5"

[[package]]
name = "macholib"
version = "1.16.2"
description = "Mach-O header analysis and editing"
category = "dev"
optional = false
python-versions = "*"

[package.dependencies]
altgraph = ">=0.17"

[[package]]
name = "mypy"
version = "0.982"
description = "Optional static typing for Python"
category = "dev"
optional = false
python-versions = ">=3.7"

[package.dependencies]
mypy-extensions = ">=0.4.3"
tomli = {version = ">=1.1.0", markers = "python_version < \"3.11\""}
typing-extensions = ">=3.10"

[package.extras]
dmypy = ["psutil (>=4.0)"]
python2 = ["typed-ast (>=1.4.0,<2)"]
reports = ["lxml"]

[[package]]
name = "mypy-extensions"
version = "0.4.3"
description = "Experimental type system extensions for programs checked with the mypy typechecker."
category = "dev"
optional = false
python-versions = "*"

[[package]]
name = "pathspec"
version = "0.10.1"
description = "Utility library for gitignore style pattern matching of file paths."
category = "dev"
optional = false
python-versions = ">=3.7"

[[package]]
name = "pefile"
version = "2022.5.30"
description = "Python PE parsing module"
category = "dev"
optional = false
python-versions = ">=3.6.0"

[package.dependencies]
future = "*"

[[package]]
name = "platformdirs"
version = "2.5.2"
description = "A small Python module for determining appropriate platform-specific dirs, e.g. a \"user data dir\"."
category = "dev"
optional = false
python-versions = ">=3.7"

[package.extras]
docs = ["furo (>=2021.7.5b38)", "proselint (>=0.10.2)", "sphinx (>=4)", "sphinx-autodoc-typehints (>=1.12)"]
test = ["appdirs (==1.4.4)", "pytest (>=6)", "pytest-cov (>=2.7)", "pytest-mock (>=3.6)"]

[[package]]
name = "pycryptodomex"
version = "3.15.0"
description = "Cryptographic library for Python"
category = "main"
optional = false
python-versions = ">=2.7, !=3.0.*, !=3.1.*, !=3.2.*, !=3.3.*, !=3.4.*"

[[package]]
name = "pygments"
version = "2.13.0"
description = "Pygments is a syntax highlighting package written in Python."
category = "main"
optional = false
python-versions = ">=3.6"

[package.extras]
plugins = ["importlib-metadata"]

[[package]]
name = "pyinstaller"
version = "5.5"
description = "PyInstaller bundles a Python application and all its dependencies into a single package."
category = "dev"
optional = false
python-versions = "<3.12,>=3.7"

[package.dependencies]
altgraph = "*"
macholib = {version = ">=1.8", markers = "sys_platform == \"darwin\""}
pefile = {version = ">=2022.5.30", markers = "sys_platform == \"win32\""}
pyinstaller-hooks-contrib = ">=2021.4"
pywin32-ctypes = {version = ">=0.2.0", markers = "sys_platform == \"win32\""}
setuptools = "*"

[package.extras]
encryption = ["tinyaes (>=1.0.0)"]
hook-testing = ["execnet (>=1.5.0)", "psutil", "pytest (>=2.7.3)"]

[[package]]
name = "pyinstaller-hooks-contrib"
version = "2022.10"
description = "Community maintained hooks for PyInstaller"
category = "dev"
optional = false
python-versions = ">=3.7"

[[package]]
name = "pywin32-ctypes"
version = "0.2.0"
description = ""
category = "dev"
optional = false
python-versions = "*"

[[package]]
name = "pyyaml"
version = "6.0"
description = "YAML parser and emitter for Python"
category = "main"
optional = false
python-versions = ">=3.6"

[[package]]
name = "pyzipper"
version = "0.3.6"
description = "AES encryption for zipfile."
category = "main"
optional = false
python-versions = ">=3.4"

[package.dependencies]
pycryptodomex = "*"

[[package]]
name = "requests"
version = "2.28.1"
description = "Python HTTP for Humans."
category = "main"
optional = false
python-versions = ">=3.7, <4"

[package.dependencies]
certifi = ">=2017.4.17"
charset-normalizer = ">=2,<3"
idna = ">=2.5,<4"
urllib3 = ">=1.21.1,<1.27"

[package.extras]
socks = ["PySocks (>=1.5.6,!=1.5.7)"]
use-chardet-on-py3 = ["chardet (>=3.0.2,<6)"]

[[package]]
name = "rich"
version = "12.6.0"
description = "Render rich text, tables, progress bars, syntax highlighting, markdown and more to the terminal"
category = "main"
optional = false
python-versions = ">=3.6.3,<4.0.0"

[package.dependencies]
commonmark = ">=0.9.0,<0.10.0"
pygments = ">=2.6.0,<3.0.0"
typing-extensions = {version = ">=4.0.0,<5.0", markers = "python_version < \"3.9\""}

[package.extras]
jupyter = ["ipywidgets (>=7.5.1,<8.0.0)"]

[[package]]
name = "setuptools"
version = "65.4.1"
description = "Easily download, build, install, upgrade, and uninstall Python packages"
category = "dev"
optional = false
python-versions = ">=3.7"

[package.extras]
docs = ["furo", "jaraco.packaging (>=9)", "jaraco.tidelift (>=1.4)", "pygments-github-lexers (==0.0.5)", "rst.linker (>=1.9)", "sphinx (>=3.5)", "sphinx-favicon", "sphinx-hoverxref (<2)", "sphinx-inline-tabs", "sphinx-notfound-page (==0.8.3)", "sphinx-reredirects", "sphinxcontrib-towncrier"]
testing = ["build[virtualenv]", "filelock (>=3.4.0)", "flake8 (<5)", "flake8-2020", "ini2toml[lite] (>=0.9)", "jaraco.envs (>=2.2)", "jaraco.path (>=3.2.0)", "mock", "pip (>=19.1)", "pip-run (>=8.8)", "pytest (>=6)", "pytest-black (>=0.3.7)", "pytest-checkdocs (>=2.4)", "pytest-cov", "pytest-enabler (>=1.3)", "pytest-flake8", "pytest-mypy (>=0.9.1)", "pytest-perf", "pytest-xdist", "tomli-w (>=1.0.0)", "virtualenv (>=13.0.0)", "wheel"]
testing-integration = ["build[virtualenv]", "filelock (>=3.4.0)", "jaraco.envs (>=2.2)", "jaraco.path (>=3.2.0)", "pytest", "pytest-enabler", "pytest-xdist", "tomli", "virtualenv (>=13.0.0)", "wheel"]

[[package]]
name = "tomli"
version = "2.0.1"
description = "A lil' TOML parser"
category = "dev"
optional = false
python-versions = ">=3.7"

[[package]]
name = "types-pyyaml"
version = "6.0.12"
description = "Typing stubs for PyYAML"
category = "dev"
optional = false
python-versions = "*"

[[package]]
name = "types-requests"
version = "2.28.11.2"
description = "Typing stubs for requests"
category = "dev"
optional = false
python-versions = "*"

[package.dependencies]
types-urllib3 = "<1.27"

[[package]]
name = "types-urllib3"
version = "1.26.25"
description = "Typing stubs for urllib3"
category = "dev"
optional = false
python-versions = "*"

[[package]]
name = "typing-extensions"
version = "4.4.0"
description = "Backported and Experimental Type Hints for Python 3.7+"
category = "main"
optional = false
python-versions = ">=3.7"

[[package]]
name = "urllib3"
version = "1.26.12"
description = "HTTP library with thread-safe connection pooling, file post, and more."
category = "main"
optional = false
python-versions = ">=2.7, !=3.0.*, !=3.1.*, !=3.2.*, !=3.3.*, !=3.4.*, !=3.5.*, <4"

[package.extras]
brotli = ["brotli (>=1.0.9)", "brotlicffi (>=0.8.0)", "brotlipy (>=0.6.0)"]
secure = ["certifi", "cryptography (>=1.3.4)", "idna (>=2.0.0)", "ipaddress", "pyOpenSSL (>=0.14)", "urllib3-secure-extra"]
socks = ["PySocks (>=1.5.6,!=1.5.7,<2.0)"]

[metadata]
lock-version = "1.1"
python-versions = "^3.8,<3.11"
content-hash = "ed675717c319d5fe4f52f7d5f56378ef46c3c4c46512172da0fdc4d969e1c028"

[metadata.files]
altgraph = [
    {file = "altgraph-0.17.3-py2.py3-none-any.whl", hash = "sha256:c8ac1ca6772207179ed8003ce7687757c04b0b71536f81e2ac5755c6226458fe"},
    {file = "altgraph-0.17.3.tar.gz", hash = "sha256:ad33358114df7c9416cdb8fa1eaa5852166c505118717021c6a8c7c7abbd03dd"},
]
black = [
    {file = "black-22.10.0-1fixedarch-cp310-cp310-macosx_11_0_x86_64.whl", hash = "sha256:5cc42ca67989e9c3cf859e84c2bf014f6633db63d1cbdf8fdb666dcd9e77e3fa"},
    {file = "black-22.10.0-1fixedarch-cp311-cp311-macosx_11_0_x86_64.whl", hash = "sha256:5d8f74030e67087b219b032aa33a919fae8806d49c867846bfacde57f43972ef"},
    {file = "black-22.10.0-1fixedarch-cp37-cp37m-macosx_10_16_x86_64.whl", hash = "sha256:197df8509263b0b8614e1df1756b1dd41be6738eed2ba9e9769f3880c2b9d7b6"},
    {file = "black-22.10.0-1fixedarch-cp38-cp38-macosx_10_16_x86_64.whl", hash = "sha256:2644b5d63633702bc2c5f3754b1b475378fbbfb481f62319388235d0cd104c2d"},
    {file = "black-22.10.0-1fixedarch-cp39-cp39-macosx_11_0_x86_64.whl", hash = "sha256:e41a86c6c650bcecc6633ee3180d80a025db041a8e2398dcc059b3afa8382cd4"},
    {file = "black-22.10.0-cp310-cp310-macosx_11_0_arm64.whl", hash = "sha256:2039230db3c6c639bd84efe3292ec7b06e9214a2992cd9beb293d639c6402edb"},
    {file = "black-22.10.0-cp310-cp310-manylinux_2_17_x86_64.manylinux2014_x86_64.whl", hash = "sha256:14ff67aec0a47c424bc99b71005202045dc09270da44a27848d534600ac64fc7"},
    {file = "black-22.10.0-cp310-cp310-win_amd64.whl", hash = "sha256:819dc789f4498ecc91438a7de64427c73b45035e2e3680c92e18795a839ebb66"},
    {file = "black-22.10.0-cp311-cp311-macosx_11_0_arm64.whl", hash = "sha256:5b9b29da4f564ba8787c119f37d174f2b69cdfdf9015b7d8c5c16121ddc054ae"},
    {file = "black-22.10.0-cp311-cp311-manylinux_2_17_x86_64.manylinux2014_x86_64.whl", hash = "sha256:b8b49776299fece66bffaafe357d929ca9451450f5466e997a7285ab0fe28e3b"},
    {file = "black-22.10.0-cp311-cp311-win_amd64.whl", hash = "sha256:21199526696b8f09c3997e2b4db8d0b108d801a348414264d2eb8eb2532e540d"},
    {file = "black-22.10.0-cp37-cp37m-manylinux_2_17_x86_64.manylinux2014_x86_64.whl", hash = "sha256:1e464456d24e23d11fced2bc8c47ef66d471f845c7b7a42f3bd77bf3d1789650"},
    {file = "black-22.10.0-cp37-cp37m-win_amd64.whl", hash = "sha256:9311e99228ae10023300ecac05be5a296f60d2fd10fff31cf5c1fa4ca4b1988d"},
    {file = "black-22.10.0-cp38-cp38-macosx_11_0_arm64.whl", hash = "sha256:fba8a281e570adafb79f7755ac8721b6cf1bbf691186a287e990c7929c7692ff"},
    {file = "black-22.10.0-cp38-cp38-manylinux_2_17_x86_64.manylinux2014_x86_64.whl", hash = "sha256:915ace4ff03fdfff953962fa672d44be269deb2eaf88499a0f8805221bc68c87"},
    {file = "black-22.10.0-cp38-cp38-win_amd64.whl", hash = "sha256:444ebfb4e441254e87bad00c661fe32df9969b2bf224373a448d8aca2132b395"},
    {file = "black-22.10.0-cp39-cp39-macosx_11_0_arm64.whl", hash = "sha256:974308c58d057a651d182208a484ce80a26dac0caef2895836a92dd6ebd725e0"},
    {file = "black-22.10.0-cp39-cp39-manylinux_2_17_x86_64.manylinux2014_x86_64.whl", hash = "sha256:72ef3925f30e12a184889aac03d77d031056860ccae8a1e519f6cbb742736383"},
    {file = "black-22.10.0-cp39-cp39-win_amd64.whl", hash = "sha256:432247333090c8c5366e69627ccb363bc58514ae3e63f7fc75c54b1ea80fa7de"},
    {file = "black-22.10.0-py3-none-any.whl", hash = "sha256:c957b2b4ea88587b46cf49d1dc17681c1e672864fd7af32fc1e9664d572b3458"},
    {file = "black-22.10.0.tar.gz", hash = "sha256:f513588da599943e0cde4e32cc9879e825d58720d6557062d1098c5ad80080e1"},
]
certifi = [
    {file = "certifi-2022.9.24-py3-none-any.whl", hash = "sha256:90c1a32f1d68f940488354e36370f6cca89f0f106db09518524c88d6ed83f382"},
    {file = "certifi-2022.9.24.tar.gz", hash = "sha256:0d9c601124e5a6ba9712dbc60d9c53c21e34f5f641fe83002317394311bdce14"},
]
charset-normalizer = [
    {file = "charset-normalizer-2.1.1.tar.gz", hash = "sha256:5a3d016c7c547f69d6f81fb0db9449ce888b418b5b9952cc5e6e66843e9dd845"},
    {file = "charset_normalizer-2.1.1-py3-none-any.whl", hash = "sha256:83e9a75d1911279afd89352c68b45348559d1fc0506b054b346651b5e7fee29f"},
]
click = [
    {file = "click-8.1.3-py3-none-any.whl", hash = "sha256:bb4d8133cb15a609f44e8213d9b391b0809795062913b383c62be0ee95b1db48"},
    {file = "click-8.1.3.tar.gz", hash = "sha256:7682dc8afb30297001674575ea00d1814d808d6a36af415a82bd481d37ba7b8e"},
]
colorama = [
    {file = "colorama-0.4.5-py2.py3-none-any.whl", hash = "sha256:854bf444933e37f5824ae7bfc1e98d5bce2ebe4160d46b5edf346a89358e99da"},
    {file = "colorama-0.4.5.tar.gz", hash = "sha256:e6c6b4334fc50988a639d9b98aa429a0b57da6e17b9a44f0451f930b6967b7a4"},
]
commonmark = [
    {file = "commonmark-0.9.1-py2.py3-none-any.whl", hash = "sha256:da2f38c92590f83de410ba1a3cbceafbc74fee9def35f9251ba9a971d6d66fd9"},
    {file = "commonmark-0.9.1.tar.gz", hash = "sha256:452f9dc859be7f06631ddcb328b6919c67984aca654e5fefb3914d54691aed60"},
]
future = [
    {file = "future-0.18.2.tar.gz", hash = "sha256:b1bead90b70cf6ec3f0710ae53a525360fa360d306a86583adc6bf83a4db537d"},
]
idna = [
    {file = "idna-3.4-py3-none-any.whl", hash = "sha256:90b77e79eaa3eba6de819a0c442c0b4ceefc341a7a2ab77d7562bf49f425c5c2"},
    {file = "idna-3.4.tar.gz", hash = "sha256:814f528e8dead7d329833b91c5faa87d60bf71824cd12a7530b5526063d02cb4"},
]
macholib = [
    {file = "macholib-1.16.2-py2.py3-none-any.whl", hash = "sha256:44c40f2cd7d6726af8fa6fe22549178d3a4dfecc35a9cd15ea916d9c83a688e0"},
    {file = "macholib-1.16.2.tar.gz", hash = "sha256:557bbfa1bb255c20e9abafe7ed6cd8046b48d9525db2f9b77d3122a63a2a8bf8"},
]
mypy = [
    {file = "mypy-0.982-cp310-cp310-macosx_10_9_universal2.whl", hash = "sha256:5085e6f442003fa915aeb0a46d4da58128da69325d8213b4b35cc7054090aed5"},
    {file = "mypy-0.982-cp310-cp310-macosx_10_9_x86_64.whl", hash = "sha256:41fd1cf9bc0e1c19b9af13a6580ccb66c381a5ee2cf63ee5ebab747a4badeba3"},
    {file = "mypy-0.982-cp310-cp310-macosx_11_0_arm64.whl", hash = "sha256:f793e3dd95e166b66d50e7b63e69e58e88643d80a3dcc3bcd81368e0478b089c"},
    {file = "mypy-0.982-cp310-cp310-manylinux_2_17_x86_64.manylinux2014_x86_64.whl", hash = "sha256:86ebe67adf4d021b28c3f547da6aa2cce660b57f0432617af2cca932d4d378a6"},
    {file = "mypy-0.982-cp310-cp310-musllinux_1_1_x86_64.whl", hash = "sha256:175f292f649a3af7082fe36620369ffc4661a71005aa9f8297ea473df5772046"},
    {file = "mypy-0.982-cp310-cp310-win_amd64.whl", hash = "sha256:8ee8c2472e96beb1045e9081de8e92f295b89ac10c4109afdf3a23ad6e644f3e"},
    {file = "mypy-0.982-cp37-cp37m-macosx_10_9_x86_64.whl", hash = "sha256:58f27ebafe726a8e5ccb58d896451dd9a662a511a3188ff6a8a6a919142ecc20"},
    {file = "mypy-0.982-cp37-cp37m-manylinux_2_17_x86_64.manylinux2014_x86_64.whl", hash = "sha256:d6af646bd46f10d53834a8e8983e130e47d8ab2d4b7a97363e35b24e1d588947"},
    {file = "mypy-0.982-cp37-cp37m-musllinux_1_1_x86_64.whl", hash = "sha256:e7aeaa763c7ab86d5b66ff27f68493d672e44c8099af636d433a7f3fa5596d40"},
    {file = "mypy-0.982-cp37-cp37m-win_amd64.whl", hash = "sha256:724d36be56444f569c20a629d1d4ee0cb0ad666078d59bb84f8f887952511ca1"},
    {file = "mypy-0.982-cp38-cp38-macosx_10_9_universal2.whl", hash = "sha256:14d53cdd4cf93765aa747a7399f0961a365bcddf7855d9cef6306fa41de01c24"},
    {file = "mypy-0.982-cp38-cp38-macosx_10_9_x86_64.whl", hash = "sha256:26ae64555d480ad4b32a267d10cab7aec92ff44de35a7cd95b2b7cb8e64ebe3e"},
    {file = "mypy-0.982-cp38-cp38-macosx_11_0_arm64.whl", hash = "sha256:6389af3e204975d6658de4fb8ac16f58c14e1bacc6142fee86d1b5b26aa52bda"},
    {file = "mypy-0.982-cp38-cp38-manylinux_2_17_x86_64.manylinux2014_x86_64.whl", hash = "sha256:7b35ce03a289480d6544aac85fa3674f493f323d80ea7226410ed065cd46f206"},
    {file = "mypy-0.982-cp38-cp38-musllinux_1_1_x86_64.whl", hash = "sha256:c6e564f035d25c99fd2b863e13049744d96bd1947e3d3d2f16f5828864506763"},
    {file = "mypy-0.982-cp38-cp38-win_amd64.whl", hash = "sha256:cebca7fd333f90b61b3ef7f217ff75ce2e287482206ef4a8b18f32b49927b1a2"},
    {file = "mypy-0.982-cp39-cp39-macosx_10_9_universal2.whl", hash = "sha256:a705a93670c8b74769496280d2fe6cd59961506c64f329bb179970ff1d24f9f8"},
    {file = "mypy-0.982-cp39-cp39-macosx_10_9_x86_64.whl", hash = "sha256:75838c649290d83a2b83a88288c1eb60fe7a05b36d46cbea9d22efc790002146"},
    {file = "mypy-0.982-cp39-cp39-macosx_11_0_arm64.whl", hash = "sha256:91781eff1f3f2607519c8b0e8518aad8498af1419e8442d5d0afb108059881fc"},
    {file = "mypy-0.982-cp39-cp39-manylinux_2_17_x86_64.manylinux2014_x86_64.whl", hash = "sha256:eaa97b9ddd1dd9901a22a879491dbb951b5dec75c3b90032e2baa7336777363b"},
    {file = "mypy-0.982-cp39-cp39-musllinux_1_1_x86_64.whl", hash = "sha256:a692a8e7d07abe5f4b2dd32d731812a0175626a90a223d4b58f10f458747dd8a"},
    {file = "mypy-0.982-cp39-cp39-win_amd64.whl", hash = "sha256:eb7a068e503be3543c4bd329c994103874fa543c1727ba5288393c21d912d795"},
    {file = "mypy-0.982-py3-none-any.whl", hash = "sha256:1021c241e8b6e1ca5a47e4d52601274ac078a89845cfde66c6d5f769819ffa1d"},
    {file = "mypy-0.982.tar.gz", hash = "sha256:85f7a343542dc8b1ed0a888cdd34dca56462654ef23aa673907305b260b3d746"},
]
mypy-extensions = [
    {file = "mypy_extensions-0.4.3-py2.py3-none-any.whl", hash = "sha256:090fedd75945a69ae91ce1303b5824f428daf5a028d2f6ab8a299250a846f15d"},
    {file = "mypy_extensions-0.4.3.tar.gz", hash = "sha256:2d82818f5bb3e369420cb3c4060a7970edba416647068eb4c5343488a6c604a8"},
]
pathspec = [
    {file = "pathspec-0.10.1-py3-none-any.whl", hash = "sha256:46846318467efc4556ccfd27816e004270a9eeeeb4d062ce5e6fc7a87c573f93"},
    {file = "pathspec-0.10.1.tar.gz", hash = "sha256:7ace6161b621d31e7902eb6b5ae148d12cfd23f4a249b9ffb6b9fee12084323d"},
]
pefile = [
    {file = "pefile-2022.5.30.tar.gz", hash = "sha256:a5488a3dd1fd021ce33f969780b88fe0f7eebb76eb20996d7318f307612a045b"},
]
platformdirs = [
    {file = "platformdirs-2.5.2-py3-none-any.whl", hash = "sha256:027d8e83a2d7de06bbac4e5ef7e023c02b863d7ea5d079477e722bb41ab25788"},
    {file = "platformdirs-2.5.2.tar.gz", hash = "sha256:58c8abb07dcb441e6ee4b11d8df0ac856038f944ab98b7be6b27b2a3c7feef19"},
]
pycryptodomex = [
    {file = "pycryptodomex-3.15.0-cp27-cp27m-macosx_10_9_x86_64.whl", hash = "sha256:6f5b6ba8aefd624834bc177a2ac292734996bb030f9d1b388e7504103b6fcddf"},
    {file = "pycryptodomex-3.15.0-cp27-cp27m-manylinux1_i686.whl", hash = "sha256:4540904c09704b6f831059c0dfb38584acb82cb97b0125cd52688c1f1e3fffa6"},
    {file = "pycryptodomex-3.15.0-cp27-cp27m-manylinux1_x86_64.whl", hash = "sha256:0fadb9f7fa3150577800eef35f62a8a24b9ddf1563ff060d9bd3af22d3952c8c"},
    {file = "pycryptodomex-3.15.0-cp27-cp27m-manylinux2010_i686.whl", hash = "sha256:fc9bc7a9b79fe5c750fc81a307052f8daabb709bdaabb0fb18fb136b66b653b5"},
    {file = "pycryptodomex-3.15.0-cp27-cp27m-manylinux2010_x86_64.whl", hash = "sha256:f8be976cec59b11f011f790b88aca67b4ea2bd286578d0bd3e31bcd19afcd3e4"},
    {file = "pycryptodomex-3.15.0-cp27-cp27m-manylinux2014_aarch64.whl", hash = "sha256:78d9621cf0ea35abf2d38fa2ca6d0634eab6c991a78373498ab149953787e5e5"},
    {file = "pycryptodomex-3.15.0-cp27-cp27m-win32.whl", hash = "sha256:b6306403228edde6e289f626a3908a2f7f67c344e712cf7c0a508bab3ad9e381"},
    {file = "pycryptodomex-3.15.0-cp27-cp27m-win_amd64.whl", hash = "sha256:48697790203909fab02a33226fda546604f4e2653f9d47bc5d3eb40879fa7c64"},
    {file = "pycryptodomex-3.15.0-cp27-cp27mu-manylinux1_i686.whl", hash = "sha256:18e2ab4813883ae63396c0ffe50b13554b32bb69ec56f0afaf052e7a7ae0d55b"},
    {file = "pycryptodomex-3.15.0-cp27-cp27mu-manylinux1_x86_64.whl", hash = "sha256:3709f13ca3852b0b07fc04a2c03b379189232b24007c466be0f605dd4723e9d4"},
    {file = "pycryptodomex-3.15.0-cp27-cp27mu-manylinux2010_i686.whl", hash = "sha256:191e73bc84a8064ad1874dba0ebadedd7cce4dedee998549518f2c74a003b2e1"},
    {file = "pycryptodomex-3.15.0-cp27-cp27mu-manylinux2010_x86_64.whl", hash = "sha256:e3164a18348bd53c69b4435ebfb4ac8a4076291ffa2a70b54f0c4b80c7834b1d"},
    {file = "pycryptodomex-3.15.0-cp27-cp27mu-manylinux2014_aarch64.whl", hash = "sha256:5676a132169a1c1a3712edf25250722ebc8c9102aa9abd814df063ca8362454f"},
    {file = "pycryptodomex-3.15.0-cp35-abi3-macosx_10_9_x86_64.whl", hash = "sha256:e2b12968522a0358b8917fc7b28865acac002f02f4c4c6020fcb264d76bfd06d"},
    {file = "pycryptodomex-3.15.0-cp35-abi3-manylinux1_i686.whl", hash = "sha256:e47bf8776a7e15576887f04314f5228c6527b99946e6638cf2f16da56d260cab"},
    {file = "pycryptodomex-3.15.0-cp35-abi3-manylinux1_x86_64.whl", hash = "sha256:996e1ba717077ce1e6d4849af7a1426f38b07b3d173b879e27d5e26d2e958beb"},
    {file = "pycryptodomex-3.15.0-cp35-abi3-manylinux2010_i686.whl", hash = "sha256:65204412d0c6a8e3c41e21e93a5e6054a74fea501afa03046a388cf042e3377a"},
    {file = "pycryptodomex-3.15.0-cp35-abi3-manylinux2010_x86_64.whl", hash = "sha256:dd452a5af7014e866206d41751886c9b4bf379a339fdf2dbfc7dd16c0fb4f8e0"},
    {file = "pycryptodomex-3.15.0-cp35-abi3-manylinux2014_aarch64.whl", hash = "sha256:b9279adc16e4b0f590ceff581f53a80179b02cba9056010d733eb4196134a870"},
    {file = "pycryptodomex-3.15.0-cp35-abi3-win32.whl", hash = "sha256:46b3f05f2f7ac7841053da4e0f69616929ca3c42f238c405f6c3df7759ad2780"},
    {file = "pycryptodomex-3.15.0-cp35-abi3-win_amd64.whl", hash = "sha256:8eecdf9cdc7343001d047f951b9cc805cd68cb6cd77b20ea46af5bffc5bd3dfb"},
    {file = "pycryptodomex-3.15.0-pp27-pypy_73-macosx_10_9_x86_64.whl", hash = "sha256:67e1e6a92151023ccdfcfbc0afb3314ad30080793b4c27956ea06ab1fb9bcd8a"},
    {file = "pycryptodomex-3.15.0-pp27-pypy_73-manylinux1_x86_64.whl", hash = "sha256:c4cb9cb492ea7dcdf222a8d19a1d09002798ea516aeae8877245206d27326d86"},
    {file = "pycryptodomex-3.15.0-pp27-pypy_73-manylinux2010_x86_64.whl", hash = "sha256:94c7b60e1f52e1a87715571327baea0733708ab4723346598beca4a3b6879794"},
    {file = "pycryptodomex-3.15.0-pp27-pypy_73-win32.whl", hash = "sha256:04cc393045a8f19dd110c975e30f38ed7ab3faf21ede415ea67afebd95a22380"},
    {file = "pycryptodomex-3.15.0-pp36-pypy36_pp73-macosx_10_9_x86_64.whl", hash = "sha256:0776bfaf2c48154ab54ea45392847c1283d2fcf64e232e85565f858baedfc1fa"},
    {file = "pycryptodomex-3.15.0-pp36-pypy36_pp73-manylinux1_x86_64.whl", hash = "sha256:463119d7d22d0fc04a0f9122e9d3e6121c6648bcb12a052b51bd1eed1b996aa2"},
    {file = "pycryptodomex-3.15.0-pp36-pypy36_pp73-manylinux2010_x86_64.whl", hash = "sha256:a07a64709e366c2041cd5cfbca592b43998bf4df88f7b0ca73dca37071ccf1bd"},
    {file = "pycryptodomex-3.15.0-pp36-pypy36_pp73-win32.whl", hash = "sha256:35a8f7afe1867118330e2e0e0bf759c409e28557fb1fc2fbb1c6c937297dbe9a"},
    {file = "pycryptodomex-3.15.0.tar.gz", hash = "sha256:7341f1bb2dadb0d1a0047f34c3a58208a92423cdbd3244d998e4b28df5eac0ed"},
]
pygments = [
    {file = "Pygments-2.13.0-py3-none-any.whl", hash = "sha256:f643f331ab57ba3c9d89212ee4a2dabc6e94f117cf4eefde99a0574720d14c42"},
    {file = "Pygments-2.13.0.tar.gz", hash = "sha256:56a8508ae95f98e2b9bdf93a6be5ae3f7d8af858b43e02c5a2ff083726be40c1"},
]
pyinstaller = [
    {file = "pyinstaller-5.5-py3-none-macosx_10_13_universal2.whl", hash = "sha256:838e0a385355e55833f2ac62e75290f345d0b57bad53f08742c28a7cb96e91c8"},
    {file = "pyinstaller-5.5-py3-none-manylinux2014_aarch64.whl", hash = "sha256:2a2fc8755b00cc1ea4d89bb81f8ada8c2afe0d13a7f7b35020e8a694d6882c9e"},
    {file = "pyinstaller-5.5-py3-none-manylinux2014_i686.whl", hash = "sha256:94e947980c7d9b7e422f4af9885f12560cb546ee2017fb0f2c8af5a9a309c63f"},
    {file = "pyinstaller-5.5-py3-none-manylinux2014_ppc64le.whl", hash = "sha256:5f8834af70a6e080ab4fe53ec2b8b4fdfcc0106bd8db7cc27da9a8973ecffe05"},
    {file = "pyinstaller-5.5-py3-none-manylinux2014_s390x.whl", hash = "sha256:47a63d42ceb73355bf3afec51109ee3f5b3893f068be821a6735cada229ab680"},
    {file = "pyinstaller-5.5-py3-none-manylinux2014_x86_64.whl", hash = "sha256:91c0947063f49b21476e374662f62b00d0cf5a97ad6851c12124280409aebbd1"},
    {file = "pyinstaller-5.5-py3-none-musllinux_1_1_aarch64.whl", hash = "sha256:9e8950c599847d15e7d7b8c18073fab267d7d3d41650a64c46278b97655076d3"},
    {file = "pyinstaller-5.5-py3-none-musllinux_1_1_x86_64.whl", hash = "sha256:d902a9b669f90665a3abe5d0f176784fc3f2e1320d6c98df0bd1457c77ca706a"},
    {file = "pyinstaller-5.5-py3-none-win32.whl", hash = "sha256:c7326298be50adcdf799e9b3f880543b925be7341cb1ac2a1e5b1a47b9dc3183"},
    {file = "pyinstaller-5.5-py3-none-win_amd64.whl", hash = "sha256:d06378354b8d3d08309fddb230c813fc750848d71156274c15afdfedd56f57cf"},
    {file = "pyinstaller-5.5.tar.gz", hash = "sha256:88993dfc6429dce8dd1f9a73c08e259af71dd3a227d3002ccb8e959151757dc3"},
]
pyinstaller-hooks-contrib = [
    {file = "pyinstaller-hooks-contrib-2022.10.tar.gz", hash = "sha256:e5edd4094175e78c178ef987b61be19efff6caa23d266ade456fc753e847f62e"},
    {file = "pyinstaller_hooks_contrib-2022.10-py2.py3-none-any.whl", hash = "sha256:d1dd6ea059dc30e77813cc12a5efa8b1d228e7da8f5b884fe11775f946db1784"},
]
pywin32-ctypes = [
    {file = "pywin32-ctypes-0.2.0.tar.gz", hash = "sha256:24ffc3b341d457d48e8922352130cf2644024a4ff09762a2261fd34c36ee5942"},
    {file = "pywin32_ctypes-0.2.0-py2.py3-none-any.whl", hash = "sha256:9dc2d991b3479cc2df15930958b674a48a227d5361d413827a4cfd0b5876fc98"},
]
pyyaml = [
    {file = "PyYAML-6.0-cp310-cp310-macosx_10_9_x86_64.whl", hash = "sha256:d4db7c7aef085872ef65a8fd7d6d09a14ae91f691dec3e87ee5ee0539d516f53"},
    {file = "PyYAML-6.0-cp310-cp310-macosx_11_0_arm64.whl", hash = "sha256:9df7ed3b3d2e0ecfe09e14741b857df43adb5a3ddadc919a2d94fbdf78fea53c"},
    {file = "PyYAML-6.0-cp310-cp310-manylinux_2_17_aarch64.manylinux2014_aarch64.whl", hash = "sha256:77f396e6ef4c73fdc33a9157446466f1cff553d979bd00ecb64385760c6babdc"},
    {file = "PyYAML-6.0-cp310-cp310-manylinux_2_17_s390x.manylinux2014_s390x.whl", hash = "sha256:a80a78046a72361de73f8f395f1f1e49f956c6be882eed58505a15f3e430962b"},
    {file = "PyYAML-6.0-cp310-cp310-manylinux_2_5_x86_64.manylinux1_x86_64.manylinux_2_12_x86_64.manylinux2010_x86_64.whl", hash = "sha256:f84fbc98b019fef2ee9a1cb3ce93e3187a6df0b2538a651bfb890254ba9f90b5"},
    {file = "PyYAML-6.0-cp310-cp310-win32.whl", hash = "sha256:2cd5df3de48857ed0544b34e2d40e9fac445930039f3cfe4bcc592a1f836d513"},
    {file = "PyYAML-6.0-cp310-cp310-win_amd64.whl", hash = "sha256:daf496c58a8c52083df09b80c860005194014c3698698d1a57cbcfa182142a3a"},
    {file = "PyYAML-6.0-cp36-cp36m-macosx_10_9_x86_64.whl", hash = "sha256:897b80890765f037df3403d22bab41627ca8811ae55e9a722fd0392850ec4d86"},
    {file = "PyYAML-6.0-cp36-cp36m-manylinux_2_17_aarch64.manylinux2014_aarch64.whl", hash = "sha256:50602afada6d6cbfad699b0c7bb50d5ccffa7e46a3d738092afddc1f9758427f"},
    {file = "PyYAML-6.0-cp36-cp36m-manylinux_2_17_s390x.manylinux2014_s390x.whl", hash = "sha256:48c346915c114f5fdb3ead70312bd042a953a8ce5c7106d5bfb1a5254e47da92"},
    {file = "PyYAML-6.0-cp36-cp36m-manylinux_2_5_x86_64.manylinux1_x86_64.manylinux_2_12_x86_64.manylinux2010_x86_64.whl", hash = "sha256:98c4d36e99714e55cfbaaee6dd5badbc9a1ec339ebfc3b1f52e293aee6bb71a4"},
    {file = "PyYAML-6.0-cp36-cp36m-win32.whl", hash = "sha256:0283c35a6a9fbf047493e3a0ce8d79ef5030852c51e9d911a27badfde0605293"},
    {file = "PyYAML-6.0-cp36-cp36m-win_amd64.whl", hash = "sha256:07751360502caac1c067a8132d150cf3d61339af5691fe9e87803040dbc5db57"},
    {file = "PyYAML-6.0-cp37-cp37m-macosx_10_9_x86_64.whl", hash = "sha256:819b3830a1543db06c4d4b865e70ded25be52a2e0631ccd2f6a47a2822f2fd7c"},
    {file = "PyYAML-6.0-cp37-cp37m-manylinux_2_17_aarch64.manylinux2014_aarch64.whl", hash = "sha256:473f9edb243cb1935ab5a084eb238d842fb8f404ed2193a915d1784b5a6b5fc0"},
    {file = "PyYAML-6.0-cp37-cp37m-manylinux_2_17_s390x.manylinux2014_s390x.whl", hash = "sha256:0ce82d761c532fe4ec3f87fc45688bdd3a4c1dc5e0b4a19814b9009a29baefd4"},
    {file = "PyYAML-6.0-cp37-cp37m-manylinux_2_5_x86_64.manylinux1_x86_64.manylinux_2_12_x86_64.manylinux2010_x86_64.whl", hash = "sha256:231710d57adfd809ef5d34183b8ed1eeae3f76459c18fb4a0b373ad56bedcdd9"},
    {file = "PyYAML-6.0-cp37-cp37m-win32.whl", hash = "sha256:c5687b8d43cf58545ade1fe3e055f70eac7a5a1a0bf42824308d868289a95737"},
    {file = "PyYAML-6.0-cp37-cp37m-win_amd64.whl", hash = "sha256:d15a181d1ecd0d4270dc32edb46f7cb7733c7c508857278d3d378d14d606db2d"},
    {file = "PyYAML-6.0-cp38-cp38-macosx_10_9_x86_64.whl", hash = "sha256:0b4624f379dab24d3725ffde76559cff63d9ec94e1736b556dacdfebe5ab6d4b"},
    {file = "PyYAML-6.0-cp38-cp38-manylinux_2_17_aarch64.manylinux2014_aarch64.whl", hash = "sha256:213c60cd50106436cc818accf5baa1aba61c0189ff610f64f4a3e8c6726218ba"},
    {file = "PyYAML-6.0-cp38-cp38-manylinux_2_17_s390x.manylinux2014_s390x.whl", hash = "sha256:9fa600030013c4de8165339db93d182b9431076eb98eb40ee068700c9c813e34"},
    {file = "PyYAML-6.0-cp38-cp38-manylinux_2_5_x86_64.manylinux1_x86_64.manylinux_2_12_x86_64.manylinux2010_x86_64.whl", hash = "sha256:277a0ef2981ca40581a47093e9e2d13b3f1fbbeffae064c1d21bfceba2030287"},
    {file = "PyYAML-6.0-cp38-cp38-win32.whl", hash = "sha256:d4eccecf9adf6fbcc6861a38015c2a64f38b9d94838ac1810a9023a0609e1b78"},
    {file = "PyYAML-6.0-cp38-cp38-win_amd64.whl", hash = "sha256:1e4747bc279b4f613a09eb64bba2ba602d8a6664c6ce6396a4d0cd413a50ce07"},
    {file = "PyYAML-6.0-cp39-cp39-macosx_10_9_x86_64.whl", hash = "sha256:055d937d65826939cb044fc8c9b08889e8c743fdc6a32b33e2390f66013e449b"},
    {file = "PyYAML-6.0-cp39-cp39-macosx_11_0_arm64.whl", hash = "sha256:e61ceaab6f49fb8bdfaa0f92c4b57bcfbea54c09277b1b4f7ac376bfb7a7c174"},
    {file = "PyYAML-6.0-cp39-cp39-manylinux_2_17_aarch64.manylinux2014_aarch64.whl", hash = "sha256:d67d839ede4ed1b28a4e8909735fc992a923cdb84e618544973d7dfc71540803"},
    {file = "PyYAML-6.0-cp39-cp39-manylinux_2_17_s390x.manylinux2014_s390x.whl", hash = "sha256:cba8c411ef271aa037d7357a2bc8f9ee8b58b9965831d9e51baf703280dc73d3"},
    {file = "PyYAML-6.0-cp39-cp39-manylinux_2_5_x86_64.manylinux1_x86_64.manylinux_2_12_x86_64.manylinux2010_x86_64.whl", hash = "sha256:40527857252b61eacd1d9af500c3337ba8deb8fc298940291486c465c8b46ec0"},
    {file = "PyYAML-6.0-cp39-cp39-win32.whl", hash = "sha256:b5b9eccad747aabaaffbc6064800670f0c297e52c12754eb1d976c57e4f74dcb"},
    {file = "PyYAML-6.0-cp39-cp39-win_amd64.whl", hash = "sha256:b3d267842bf12586ba6c734f89d1f5b871df0273157918b0ccefa29deb05c21c"},
    {file = "PyYAML-6.0.tar.gz", hash = "sha256:68fb519c14306fec9720a2a5b45bc9f0c8d1b9c72adf45c37baedfcd949c35a2"},
]
pyzipper = [
    {file = "pyzipper-0.3.6-py2.py3-none-any.whl", hash = "sha256:6d097f465bfa47796b1494e12ea65d1478107d38e13bc56f6e58eedc4f6c1a87"},
    {file = "pyzipper-0.3.6.tar.gz", hash = "sha256:0adca90a00c36a93fbe49bfa8c5add452bfe4ef85a1b8e3638739dd1c7b26bfc"},
]
requests = [
    {file = "requests-2.28.1-py3-none-any.whl", hash = "sha256:8fefa2a1a1365bf5520aac41836fbee479da67864514bdb821f31ce07ce65349"},
    {file = "requests-2.28.1.tar.gz", hash = "sha256:7c5599b102feddaa661c826c56ab4fee28bfd17f5abca1ebbe3e7f19d7c97983"},
]
rich = [
    {file = "rich-12.6.0-py3-none-any.whl", hash = "sha256:a4eb26484f2c82589bd9a17c73d32a010b1e29d89f1604cd9bf3a2097b81bb5e"},
    {file = "rich-12.6.0.tar.gz", hash = "sha256:ba3a3775974105c221d31141f2c116f4fd65c5ceb0698657a11e9f295ec93fd0"},
]
setuptools = [
    {file = "setuptools-65.4.1-py3-none-any.whl", hash = "sha256:1b6bdc6161661409c5f21508763dc63ab20a9ac2f8ba20029aaaa7fdb9118012"},
    {file = "setuptools-65.4.1.tar.gz", hash = "sha256:3050e338e5871e70c72983072fe34f6032ae1cdeeeb67338199c2f74e083a80e"},
]
tomli = [
    {file = "tomli-2.0.1-py3-none-any.whl", hash = "sha256:939de3e7a6161af0c887ef91b7d41a53e7c5a1ca976325f429cb46ea9bc30ecc"},
    {file = "tomli-2.0.1.tar.gz", hash = "sha256:de526c12914f0c550d15924c62d72abc48d6fe7364aa87328337a31007fe8a4f"},
]
types-pyyaml = [
    {file = "types-PyYAML-6.0.12.tar.gz", hash = "sha256:f6f350418125872f3f0409d96a62a5a5ceb45231af5cc07ee0034ec48a3c82fa"},
    {file = "types_PyYAML-6.0.12-py3-none-any.whl", hash = "sha256:29228db9f82df4f1b7febee06bbfb601677882e98a3da98132e31c6874163e15"},
]
types-requests = [
    {file = "types-requests-2.28.11.2.tar.gz", hash = "sha256:fdcd7bd148139fb8eef72cf4a41ac7273872cad9e6ada14b11ff5dfdeee60ed3"},
    {file = "types_requests-2.28.11.2-py3-none-any.whl", hash = "sha256:14941f8023a80b16441b3b46caffcbfce5265fd14555844d6029697824b5a2ef"},
]
types-urllib3 = [
    {file = "types-urllib3-1.26.25.tar.gz", hash = "sha256:5aef0e663724eef924afa8b320b62ffef2c1736c1fa6caecfc9bc6c8ae2c3def"},
    {file = "types_urllib3-1.26.25-py3-none-any.whl", hash = "sha256:c1d78cef7bd581e162e46c20a57b2e1aa6ebecdcf01fd0713bb90978ff3e3427"},
]
typing-extensions = [
    {file = "typing_extensions-4.4.0-py3-none-any.whl", hash = "sha256:16fa4864408f655d35ec496218b85f79b3437c829e93320c7c9215ccfd92489e"},
    {file = "typing_extensions-4.4.0.tar.gz", hash = "sha256:1511434bb92bf8dd198c12b1cc812e800d4181cfcb867674e0f8279cc93087aa"},
]
urllib3 = [
    {file = "urllib3-1.26.12-py2.py3-none-any.whl", hash = "sha256:b930dd878d5a8afb066a637fbb35144fe7901e3b209d1cd4f524bd0e9deee997"},
    {file = "urllib3-1.26.12.tar.gz", hash = "sha256:3fa96cf423e6987997fc326ae8df396db2a8b7c667747d47ddd8ecba91f4a74e"},
]
